
Microsoft Visual Studio Solution File, Format Version 12.00
# Visual Studio Version 17
VisualStudioVersion = 17.9.34723.18
MinimumVisualStudioVersion = 10.0.40219.1
Project("{FAE04EC0-301F-11D3-BF4B-00C04F79EFBC}") = "CRAM2", "CRAM2.csproj", "{11EE5B9D-5034-4E50-92AB-DC45E40FFB60}"
EndProject
Global
	GlobalSection(SolutionConfigurationPlatforms) = preSolution
		Debug|Any CPU = Debug|Any CPU
		Release|Any CPU = Release|Any CPU
	EndGlobalSection
	GlobalSection(ProjectConfigurationPlatforms) = postSolution
		{11EE5B9D-5034-4E50-92AB-DC45E40FFB60}.Debug|Any CPU.ActiveCfg = Debug|Any CPU
		{11EE5B9D-5034-4E50-92AB-DC45E40FFB60}.Debug|Any CPU.Build.0 = Debug|Any CPU
		{11EE5B9D-5034-4E50-92AB-DC45E40FFB60}.Release|Any CPU.ActiveCfg = Release|Any CPU
		{11EE5B9D-5034-4E50-92AB-DC45E40FFB60}.Release|Any CPU.Build.0 = Release|Any CPU
	EndGlobalSection
	GlobalSection(SolutionProperties) = preSolution
		HideSolutionNode = FALSE
	EndGlobalSection
	GlobalSection(ExtensibilityGlobals) = postSolution
		SolutionGuid = {425DFB04-8BCA-4E30-858C-756286FE2550}
	EndGlobalSection
EndGlobal
